
Microsoft Visual Studio Solution File, Format Version 12.00
# Visual Studio Version 17
VisualStudioVersion = 17.3.32819.101
MinimumVisualStudioVersion = 10.0.40219.1
Project("{2150E333-8FDC-42A3-9474-1A3956D46DE8}") = "Microservices", "Microservices", "{53CD2FDA-5656-4122-8BBA-9E4C1FF7FC26}"
EndProject
Project("{9A19103F-16F7-4668-BE54-9A1E7A4F7556}") = "Microservice.SubscriptionManager", "Microservices\Microservice.SubscriptionManager\Microservice.SubscriptionManager.csproj", "{1756F762-38AD-40D8-9C2C-0AD0994F13F9}"
EndProject
Project("{9A19103F-16F7-4668-BE54-9A1E7A4F7556}") = "Microservice.DashboardManager", "Microservices\Microservice.DashboardManager\Microservice.DashboardManager.csproj", "{FE45B39C-C0C9-4673-B447-BC6C288F4FA7}"
EndProject
Project("{9A19103F-16F7-4668-BE54-9A1E7A4F7556}") = "Microservice.MapManager", "Microservices\Microservice.MapManager\Microservice.MapManager.csproj", "{E7605C2E-AF4B-47A3-BE9F-24BF8262A268}"
EndProject
Project("{9A19103F-16F7-4668-BE54-9A1E7A4F7556}") = "WebClient", "WebClient\WebClient.csproj", "{347E7C74-D6FA-4F0B-A44A-5A4A47529003}"
EndProject
Project("{9A19103F-16F7-4668-BE54-9A1E7A4F7556}") = "Microservice.ImageManager", "Microservices\Microservice.ImageManager\Microservice.ImageManager.csproj", "{F6DA0046-A163-4D05-AB55-CB14BABE4232}"
EndProject
Project("{E53339B2-1760-4266-BCC7-CA923CBCF16C}") = "docker-compose", "docker-compose.dcproj", "{30459ECC-74FF-49DA-9667-B049D26CA0A5}"
EndProject
Project("{9A19103F-16F7-4668-BE54-9A1E7A4F7556}") = "Shared", "Shared\Shared.csproj", "{0A75E37E-EA35-4BAA-952C-E5F756A1769C}"
EndProject
Project("{FAE04EC0-301F-11D3-BF4B-00C04F79EFBC}") = "Microservice.InternetOfThingsManager", "Microservices\Microservice.InternetOfThingsManager\Microservice.InternetOfThingsManager.csproj", "{2C5B1651-12F1-4568-880A-26351DAF49D6}"
EndProject
Global
	GlobalSection(SolutionConfigurationPlatforms) = preSolution
		Debug|Any CPU = Debug|Any CPU
		Release|Any CPU = Release|Any CPU
	EndGlobalSection
	GlobalSection(ProjectConfigurationPlatforms) = postSolution
		{1756F762-38AD-40D8-9C2C-0AD0994F13F9}.Debug|Any CPU.ActiveCfg = Debug|Any CPU
		{1756F762-38AD-40D8-9C2C-0AD0994F13F9}.Debug|Any CPU.Build.0 = Debug|Any CPU
		{1756F762-38AD-40D8-9C2C-0AD0994F13F9}.Release|Any CPU.ActiveCfg = Release|Any CPU
		{1756F762-38AD-40D8-9C2C-0AD0994F13F9}.Release|Any CPU.Build.0 = Release|Any CPU
		{FE45B39C-C0C9-4673-B447-BC6C288F4FA7}.Debug|Any CPU.ActiveCfg = Debug|Any CPU
		{FE45B39C-C0C9-4673-B447-BC6C288F4FA7}.Debug|Any CPU.Build.0 = Debug|Any CPU
		{FE45B39C-C0C9-4673-B447-BC6C288F4FA7}.Release|Any CPU.ActiveCfg = Release|Any CPU
		{FE45B39C-C0C9-4673-B447-BC6C288F4FA7}.Release|Any CPU.Build.0 = Release|Any CPU
		{E7605C2E-AF4B-47A3-BE9F-24BF8262A268}.Debug|Any CPU.ActiveCfg = Debug|Any CPU
		{E7605C2E-AF4B-47A3-BE9F-24BF8262A268}.Debug|Any CPU.Build.0 = Debug|Any CPU
		{E7605C2E-AF4B-47A3-BE9F-24BF8262A268}.Release|Any CPU.ActiveCfg = Release|Any CPU
		{E7605C2E-AF4B-47A3-BE9F-24BF8262A268}.Release|Any CPU.Build.0 = Release|Any CPU
		{347E7C74-D6FA-4F0B-A44A-5A4A47529003}.Debug|Any CPU.ActiveCfg = Debug|Any CPU
		{347E7C74-D6FA-4F0B-A44A-5A4A47529003}.Debug|Any CPU.Build.0 = Debug|Any CPU
		{347E7C74-D6FA-4F0B-A44A-5A4A47529003}.Release|Any CPU.ActiveCfg = Release|Any CPU
		{347E7C74-D6FA-4F0B-A44A-5A4A47529003}.Release|Any CPU.Build.0 = Release|Any CPU
		{F6DA0046-A163-4D05-AB55-CB14BABE4232}.Debug|Any CPU.ActiveCfg = Debug|Any CPU
		{F6DA0046-A163-4D05-AB55-CB14BABE4232}.Debug|Any CPU.Build.0 = Debug|Any CPU
		{F6DA0046-A163-4D05-AB55-CB14BABE4232}.Release|Any CPU.ActiveCfg = Release|Any CPU
		{F6DA0046-A163-4D05-AB55-CB14BABE4232}.Release|Any CPU.Build.0 = Release|Any CPU
		{30459ECC-74FF-49DA-9667-B049D26CA0A5}.Debug|Any CPU.ActiveCfg = Debug|Any CPU
		{30459ECC-74FF-49DA-9667-B049D26CA0A5}.Debug|Any CPU.Build.0 = Debug|Any CPU
		{30459ECC-74FF-49DA-9667-B049D26CA0A5}.Release|Any CPU.ActiveCfg = Release|Any CPU
		{30459ECC-74FF-49DA-9667-B049D26CA0A5}.Release|Any CPU.Build.0 = Release|Any CPU
		{0A75E37E-EA35-4BAA-952C-E5F756A1769C}.Debug|Any CPU.ActiveCfg = Debug|Any CPU
		{0A75E37E-EA35-4BAA-952C-E5F756A1769C}.Debug|Any CPU.Build.0 = Debug|Any CPU
		{0A75E37E-EA35-4BAA-952C-E5F756A1769C}.Release|Any CPU.ActiveCfg = Release|Any CPU
		{0A75E37E-EA35-4BAA-952C-E5F756A1769C}.Release|Any CPU.Build.0 = Release|Any CPU
		{2C5B1651-12F1-4568-880A-26351DAF49D6}.Debug|Any CPU.ActiveCfg = Debug|Any CPU
		{2C5B1651-12F1-4568-880A-26351DAF49D6}.Debug|Any CPU.Build.0 = Debug|Any CPU
		{2C5B1651-12F1-4568-880A-26351DAF49D6}.Release|Any CPU.ActiveCfg = Release|Any CPU
		{2C5B1651-12F1-4568-880A-26351DAF49D6}.Release|Any CPU.Build.0 = Release|Any CPU
	EndGlobalSection
	GlobalSection(SolutionProperties) = preSolution
		HideSolutionNode = FALSE
	EndGlobalSection
	GlobalSection(NestedProjects) = preSolution
		{1756F762-38AD-40D8-9C2C-0AD0994F13F9} = {53CD2FDA-5656-4122-8BBA-9E4C1FF7FC26}
		{FE45B39C-C0C9-4673-B447-BC6C288F4FA7} = {53CD2FDA-5656-4122-8BBA-9E4C1FF7FC26}
		{E7605C2E-AF4B-47A3-BE9F-24BF8262A268} = {53CD2FDA-5656-4122-8BBA-9E4C1FF7FC26}
		{F6DA0046-A163-4D05-AB55-CB14BABE4232} = {53CD2FDA-5656-4122-8BBA-9E4C1FF7FC26}
		{2C5B1651-12F1-4568-880A-26351DAF49D6} = {53CD2FDA-5656-4122-8BBA-9E4C1FF7FC26}
	EndGlobalSection
	GlobalSection(ExtensibilityGlobals) = postSolution
		SolutionGuid = {2D3AD7F4-ACE4-4A36-8E93-E122D0824CF2}
	EndGlobalSection
EndGlobal
